// !$*UTF8*$!
{
	archiveVersion = 1;
	classes = {
	};
	objectVersion = 46;
	objects = {

/* Begin PBXBuildFile section */
		BC47CB691C944E6F005490DE /* MFFoundation.h in CopyFiles */ = {isa = PBXBuildFile; fileRef = BC47CB681C944E6F005490DE /* MFFoundation.h */; };
		BC47CB6B1C944E6F005490DE /* MFFoundation.m in Sources */ = {isa = PBXBuildFile; fileRef = BC47CB6A1C944E6F005490DE /* MFFoundation.m */; };
/* End PBXBuildFile section */

/* Begin PBXCopyFilesBuildPhase section */
		BC47CB631C944E6E005490DE /* CopyFiles */ = {
			isa = PBXCopyFilesBuildPhase;
			buildActionMask = 2147483647;
			dstPath = "include/$(PRODUCT_NAME)";
			dstSubfolderSpec = 16;
			files = (
				BC47CB691C944E6F005490DE /* MFFoundation.h in CopyFiles */,
			);
			runOnlyForDeploymentPostprocessing = 0;
		};
/* End PBXCopyFilesBuildPhase section */

/* Begin PBXFileReference section */
		BC47CB651C944E6E005490DE /* libMFFoundation.a */ = {isa = PBXFileReference; explicitFileType = archive.ar; includeInIndex = 0; path = libMFFoundation.a; sourceTree = BUILT_PRODUCTS_DIR; };
		BC47CB681C944E6F005490DE /* MFFoundation.h */ = {isa = PBXFileReference; lastKnownFileType = sourcecode.c.h; path = MFFoundation.h; sourceTree = "<group>"; };
		BC47CB6A1C944E6F005490DE /* MFFoundation.m */ = {isa = PBXFileReference; lastKnownFileType = sourcecode.c.objc; path = MFFoundation.m; sourceTree = "<group>"; };
/* End PBXFileReference section */

/* Begin PBXFrameworksBuildPhase section */
		BC47CB621C944E6E005490DE /* Frameworks */ = {
			isa = PBXFrameworksBuildPhase;
			buildActionMask = 2147483647;
			files = (
			);
			runOnlyForDeploymentPostprocessing = 0;
		};
/* End PBXFrameworksBuildPhase section */

/* Begin PBXGroup section */
		BC47CB5C1C944E6D005490DE = {
			isa = PBXGroup;
			children = (
				BC47CB671C944E6E005490DE /* MFFoundation */,
				BC47CB661C944E6E005490DE /* Products */,
			);
			sourceTree = "<group>";
		};
		BC47CB661C944E6E005490DE /* Products */ = {
			isa = PBXGroup;
			children = (
				BC47CB651C944E6E005490DE /* libMFFoundation.a */,
			);
			name = Products;
			sourceTree = "<group>";
		};
		BC47CB671C944E6E005490DE /* MFFoundation */ = {
			isa = PBXGroup;
			children = (
				BC47CB681C944E6F005490DE /* MFFoundation.h */,
				BC47CB6A1C944E6F005490DE /* MFFoundation.m */,
			);
			path = MFFoundation;
			sourceTree = "<group>";
		};
/* End PBXGroup section */

/* Begin PBXNativeTarget section */
		BC47CB641C944E6E005490DE /* MFFoundation */ = {
			isa = PBXNativeTarget;
			buildConfigurationList = BC47CB6E1C944E6F005490DE /* Build configuration list for PBXNativeTarget "MFFoundation" */;
			buildPhases = (
				BC47CB611C944E6E005490DE /* Sources */,
				BC47CB621C944E6E005490DE /* Frameworks */,
				BC47CB631C944E6E005490DE /* CopyFiles */,
			);
			buildRules = (
			);
			dependencies = (
			);
			name = MFFoundation;
			productName = MFFoundation;
			productReference = BC47CB651C944E6E005490DE /* libMFFoundation.a */;
			productType = "com.apple.product-type.library.static";
		};
/* End PBXNativeTarget section */

/* Begin PBXProject section */
		BC47CB5D1C944E6D005490DE /* Project object */ = {
			isa = PBXProject;
			attributes = {
				LastUpgradeCheck = 0720;
				ORGANIZATIONNAME = MooseFactory;
				TargetAttributes = {
					BC47CB641C944E6E005490DE = {
						CreatedOnToolsVersion = 7.2.1;
					};
				};
			};
			buildConfigurationList = BC47CB601C944E6D005490DE /* Build configuration list for PBXProject "MFFoundation" */;
			compatibilityVersion = "Xcode 3.2";
			developmentRegion = English;
			hasScannedForEncodings = 0;
			knownRegions = (
				en,
			);
			mainGroup = BC47CB5C1C944E6D005490DE;
			productRefGroup = BC47CB661C944E6E005490DE /* Products */;
			projectDirPath = "";
			projectRoot = "";
			targets = (
				BC47CB641C944E6E005490DE /* MFFoundation */,
			);
		};
/* End PBXProject section */

/* Begin PBXSourcesBuildPhase section */
		BC47CB611C944E6E005490DE /* Sources */ = {
			isa = PBXSourcesBuildPhase;
			buildActionMask = 2147483647;
			files = (
				BC47CB6B1C944E6F005490DE /* MFFoundation.m in Sources */,
			);
			runOnlyForDeploymentPostprocessing = 0;
		};
/* End PBXSourcesBuildPhase section */

/* Begin XCBuildConfiguration section */
		BC47CB6C1C944E6F005490DE /* Debug */ = {
			isa = XCBuildConfiguration;
			buildSettings = {
				ALWAYS_SEARCH_USER_PATHS = NO;
				CLANG_CXX_LANGUAGE_STANDARD = "gnu++0x";
				CLANG_CXX_LIBRARY = "libc++";
				CLANG_ENABLE_MODULES = YES;
				CLANG_ENABLE_OBJC_ARC = YES;
				CLANG_WARN_BOOL_CONVERSION = YES;
				CLANG_WARN_CONSTANT_CONVERSION = YES;
				CLANG_WARN_DIRECT_OBJC_ISA_USAGE = YES_ERROR;
				CLANG_WARN_EMPTY_BODY = YES;
				CLANG_WARN_ENUM_CONVERSION = YES;
				CLANG_WARN_INT_CONVERSION = YES;
				CLANG_WARN_OBJC_ROOT_CLASS = YES_ERROR;
				CLANG_WARN_UNREACHABLE_CODE = YES;
				CLANG_WARN__DUPLICATE_METHOD_MATCH = YES;
				"CODE_SIGN_IDENTITY[sdk=iphoneos*]" = "iPhone Developer";
				COPY_PHASE_STRIP = NO;
				DEBUG_INFORMATION_FORMAT = dwarf;
				ENABLE_STRICT_OBJC_MSGSEND = YES;
				ENABLE_TESTABILITY = YES;
				GCC_C_LANGUAGE_STANDARD = gnu99;
				GCC_DYNAMIC_NO_PIC = NO;
				GCC_NO_COMMON_BLOCKS = YES;
				GCC_OPTIMIZATION_LEVEL = 0;
				GCC_PREPROCESSOR_DEFINITIONS = (
					"DEBUG=1",
					"$(inherited)",
				);
				GCC_WARN_64_TO_32_BIT_CONVERSION = YES;
				GCC_WARN_ABOUT_RETURN_TYPE = YES_ERROR;
				GCC_WARN_UNDECLARED_SELECTOR = YES;
				GCC_WARN_UNINITIALIZED_AUTOS = YES_AGGRESSIVE;
				GCC_WARN_UNUSED_FUNCTION = YES;
				GCC_WARN_UNUSED_VARIABLE = YES;
				IPHONEOS_DEPLOYMENT_TARGET = 9.2;
				MTL_ENABLE_DEBUG_INFO = YES;
				ONLY_ACTIVE_ARCH = YES;
				SDKROOT = iphoneos;
			};
			name = Debug;
		};
		BC47CB6D1C944E6F005490DE /* Release */ = {
			isa = XCBuildConfiguration;
			buildSettings = {
				ALWAYS_SEARCH_USER_PATHS = NO;
				CLANG_CXX_LANGUAGE_STANDARD = "gnu++0x";
				CLANG_CXX_LIBRARY = "libc++";
				CLANG_ENABLE_MODULES = YES;
				CLANG_ENABLE_OBJC_ARC = YES;
				CLANG_WARN_BOOL_CONVERSION = YES;
				CLANG_WARN_CONSTANT_CONVERSION = YES;
				CLANG_WARN_DIRECT_OBJC_ISA_USAGE = YES_ERROR;
				CLANG_WARN_EMPTY_BODY = YES;
				CLANG_WARN_ENUM_CONVERSION = YES;
				CLANG_WARN_INT_CONVERSION = YES;
				CLANG_WARN_OBJC_ROOT_CLASS = YES_ERROR;
				CLANG_WARN_UNREACHABLE_CODE = YES;
				CLANG_WARN__DUPLICATE_METHOD_MATCH = YES;
				"CODE_SIGN_IDENTITY[sdk=iphoneos*]" = "iPhone Developer";
				COPY_PHASE_STRIP = NO;
				DEBUG_INFORMATION_FORMAT = "dwarf-with-dsym";
				ENABLE_NS_ASSERTIONS = NO;
				ENABLE_STRICT_OBJC_MSGSEND = YES;
				GCC_C_LANGUAGE_STANDARD = gnu99;
				GCC_NO_COMMON_BLOCKS = YES;
				GCC_WARN_64_TO_32_BIT_CONVERSION = YES;
				GCC_WARN_ABOUT_RETURN_TYPE = YES_ERROR;
				GCC_WARN_UNDECLARED_SELECTOR = YES;
				GCC_WARN_UNINITIALIZED_AUTOS = YES_AGGRESSIVE;
				GCC_WARN_UNUSED_FUNCTION = YES;
				GCC_WARN_UNUSED_VARIABLE = YES;
				IPHONEOS_DEPLOYMENT_TARGET = 9.2;
				MTL_ENABLE_DEBUG_INFO = NO;
				SDKROOT = iphoneos;
				VALIDATE_PRODUCT = YES;
			};
			name = Release;
		};
		BC47CB6F1C944E6F005490DE /* Debug */ = {
			isa = XCBuildConfiguration;
			buildSettings = {
				OTHER_LDFLAGS = "-ObjC";
				PRODUCT_NAME = "$(TARGET_NAME)";
				SKIP_INSTALL = YES;
			};
			name = Debug;
		};
		BC47CB701C944E6F005490DE /* Release */ = {
			isa = XCBuildConfiguration;
			buildSettings = {
				OTHER_LDFLAGS = "-ObjC";
				PRODUCT_NAME = "$(TARGET_NAME)";
				SKIP_INSTALL = YES;
			};
			name = Release;
		};
/* End XCBuildConfiguration section */

/* Begin XCConfigurationList section */
		BC47CB601C944E6D005490DE /* Build configuration list for PBXProject "MFFoundation" */ = {
			isa = XCConfigurationList;
			buildConfigurations = (
				BC47CB6C1C944E6F005490DE /* Debug */,
				BC47CB6D1C944E6F005490DE /* Release */,
			);
			defaultConfigurationIsVisible = 0;
			defaultConfigurationName = Release;
		};
		BC47CB6E1C944E6F005490DE /* Build configuration list for PBXNativeTarget "MFFoundation" */ = {
			isa = XCConfigurationList;
			buildConfigurations = (
				BC47CB6F1C944E6F005490DE /* Debug */,
				BC47CB701C944E6F005490DE /* Release */,
			);
			defaultConfigurationIsVisible = 0;
		};
/* End XCConfigurationList section */
	};
	rootObject = BC47CB5D1C944E6D005490DE /* Project object */;
}
