// !$*UTF8*$!
{
	archiveVersion = 1;
	classes = {
	};
	objectVersion = 46;
	objects = {

/* Begin PBXBuildFile section */
		BC068ADB1C9E9D8800940720 /* MFCGCombinedColor.c in Sources */ = {isa = PBXBuildFile; fileRef = BC068AD91C9E9D8800940720 /* MFCGCombinedColor.c */; };
		BC068ADC1C9E9D8800940720 /* MFCGCombinedColor.c in Sources */ = {isa = PBXBuildFile; fileRef = BC068AD91C9E9D8800940720 /* MFCGCombinedColor.c */; };
		BC068ADD1C9E9D8800940720 /* MFCGCombinedColor.h in Headers */ = {isa = PBXBuildFile; fileRef = BC068ADA1C9E9D8800940720 /* MFCGCombinedColor.h */; settings = {ATTRIBUTES = (Public, ); }; };
		BC349CAC1CCBA12A00BFF28D /* MFTypes.h in Headers */ = {isa = PBXBuildFile; fileRef = BC47CBED1C945D9C005490DE /* MFTypes.h */; settings = {ATTRIBUTES = (Public, ); }; };
		BC47CB691C944E6F005490DE /* MFFoundation.h in CopyFiles */ = {isa = PBXBuildFile; fileRef = BC47CB681C944E6F005490DE /* MFFoundation.h */; };
		BC47CB6B1C944E6F005490DE /* MFFoundation.m in Sources */ = {isa = PBXBuildFile; fileRef = BC47CB6A1C944E6F005490DE /* MFFoundation.m */; };
		BC47CB9F1C945056005490DE /* NSArray+MFExtras.m in Sources */ = {isa = PBXBuildFile; fileRef = BC47CB781C945056005490DE /* NSArray+MFExtras.m */; };
		BC47CBA01C945056005490DE /* NSData+MFExtras.m in Sources */ = {isa = PBXBuildFile; fileRef = BC47CB7A1C945056005490DE /* NSData+MFExtras.m */; };
		BC47CBA11C945056005490DE /* NSDate+MFExtras.m in Sources */ = {isa = PBXBuildFile; fileRef = BC47CB7C1C945056005490DE /* NSDate+MFExtras.m */; };
		BC47CBA21C945056005490DE /* NSDictionary+MFExtras.m in Sources */ = {isa = PBXBuildFile; fileRef = BC47CB7E1C945056005490DE /* NSDictionary+MFExtras.m */; };
		BC47CBA31C945056005490DE /* NSFileManager+MFExtras.m in Sources */ = {isa = PBXBuildFile; fileRef = BC47CB801C945056005490DE /* NSFileManager+MFExtras.m */; };
		BC47CBA41C945056005490DE /* NSString+MFExtras.m in Sources */ = {isa = PBXBuildFile; fileRef = BC47CB821C945056005490DE /* NSString+MFExtras.m */; };
		BC47CBA51C945056005490DE /* MFChronoTimeFormatter.m in Sources */ = {isa = PBXBuildFile; fileRef = BC47CB851C945056005490DE /* MFChronoTimeFormatter.m */; };
		BC47CBA61C945056005490DE /* MFDateUtils.m in Sources */ = {isa = PBXBuildFile; fileRef = BC47CB871C945056005490DE /* MFDateUtils.m */; };
		BC47CBA71C945056005490DE /* MFFormatters.m in Sources */ = {isa = PBXBuildFile; fileRef = BC47CB891C945056005490DE /* MFFormatters.m */; };
		BC47CBA81C945056005490DE /* MFLatLongFormatter.m in Sources */ = {isa = PBXBuildFile; fileRef = BC47CB8B1C945056005490DE /* MFLatLongFormatter.m */; };
		BC47CBAA1C945056005490DE /* MFDateRange.m in Sources */ = {isa = PBXBuildFile; fileRef = BC47CB901C945056005490DE /* MFDateRange.m */; };
		BC47CBAB1C945056005490DE /* MFPeriod.m in Sources */ = {isa = PBXBuildFile; fileRef = BC47CB921C945056005490DE /* MFPeriod.m */; };
		BC47CBAC1C945056005490DE /* MFFastTrigo.c in Sources */ = {isa = PBXBuildFile; fileRef = BC47CB961C945056005490DE /* MFFastTrigo.c */; };
		BC47CBAD1C945056005490DE /* MFMathUtilities.c in Sources */ = {isa = PBXBuildFile; fileRef = BC47CB981C945056005490DE /* MFMathUtilities.c */; };
		BC47CBB21C9451AA005490DE /* MFSystem.m in Sources */ = {isa = PBXBuildFile; fileRef = BC47CBB11C9451AA005490DE /* MFSystem.m */; };
		BC47CBEE1C945E5B005490DE /* MFTypes.h in CopyFiles */ = {isa = PBXBuildFile; fileRef = BC47CBED1C945D9C005490DE /* MFTypes.h */; };
		BC47CC701C948445005490DE /* MFFoundation.h in Headers */ = {isa = PBXBuildFile; fileRef = BC47CB681C944E6F005490DE /* MFFoundation.h */; settings = {ATTRIBUTES = (Public, ); }; };
		BC47CC721C948458005490DE /* NSArray+MFExtras.h in Headers */ = {isa = PBXBuildFile; fileRef = BC47CB771C945056005490DE /* NSArray+MFExtras.h */; settings = {ATTRIBUTES = (Public, ); }; };
		BC47CC731C948458005490DE /* NSData+MFExtras.h in Headers */ = {isa = PBXBuildFile; fileRef = BC47CB791C945056005490DE /* NSData+MFExtras.h */; settings = {ATTRIBUTES = (Public, ); }; };
		BC47CC741C948458005490DE /* NSDate+MFExtras.h in Headers */ = {isa = PBXBuildFile; fileRef = BC47CB7B1C945056005490DE /* NSDate+MFExtras.h */; settings = {ATTRIBUTES = (Public, ); }; };
		BC47CC751C948458005490DE /* NSDictionary+MFExtras.h in Headers */ = {isa = PBXBuildFile; fileRef = BC47CB7D1C945056005490DE /* NSDictionary+MFExtras.h */; settings = {ATTRIBUTES = (Public, ); }; };
		BC47CC761C948458005490DE /* NSFileManager+MFExtras.h in Headers */ = {isa = PBXBuildFile; fileRef = BC47CB7F1C945056005490DE /* NSFileManager+MFExtras.h */; settings = {ATTRIBUTES = (Public, ); }; };
		BC47CC771C948458005490DE /* NSString+MFExtras.h in Headers */ = {isa = PBXBuildFile; fileRef = BC47CB811C945056005490DE /* NSString+MFExtras.h */; settings = {ATTRIBUTES = (Public, ); }; };
		BC47CC901C948B30005490DE /* MFFoundation_Tests.m in Sources */ = {isa = PBXBuildFile; fileRef = BC47CC8F1C948B30005490DE /* MFFoundation_Tests.m */; };
		BC47CC921C948B30005490DE /* libMFFoundation.a in Frameworks */ = {isa = PBXBuildFile; fileRef = BC47CB651C944E6E005490DE /* libMFFoundation.a */; };
		BC47CC991C95801C005490DE /* MFSystem.h in Headers */ = {isa = PBXBuildFile; fileRef = BC47CBB01C9451AA005490DE /* MFSystem.h */; settings = {ATTRIBUTES = (Public, ); }; };
		BC4E03E91CFE3734007506F7 /* MFChronoTimeFormatter.h in Headers */ = {isa = PBXBuildFile; fileRef = BC47CB841C945056005490DE /* MFChronoTimeFormatter.h */; settings = {ATTRIBUTES = (Public, ); }; };
		BC4E03EA1CFE3734007506F7 /* MFDateUtils.h in Headers */ = {isa = PBXBuildFile; fileRef = BC47CB861C945056005490DE /* MFDateUtils.h */; settings = {ATTRIBUTES = (Public, ); }; };
		BC4E03EB1CFE3734007506F7 /* MFFormatters.h in Headers */ = {isa = PBXBuildFile; fileRef = BC47CB881C945056005490DE /* MFFormatters.h */; settings = {ATTRIBUTES = (Public, ); }; };
		BC4E03EC1CFE3734007506F7 /* MFLatLongFormatter.h in Headers */ = {isa = PBXBuildFile; fileRef = BC47CB8A1C945056005490DE /* MFLatLongFormatter.h */; settings = {ATTRIBUTES = (Public, ); }; };
		BC4E03ED1CFE3734007506F7 /* MFDateRange.h in Headers */ = {isa = PBXBuildFile; fileRef = BC47CB8F1C945056005490DE /* MFDateRange.h */; settings = {ATTRIBUTES = (Public, ); }; };
		BC4E03EE1CFE3734007506F7 /* MFPeriod.h in Headers */ = {isa = PBXBuildFile; fileRef = BC47CB911C945056005490DE /* MFPeriod.h */; settings = {ATTRIBUTES = (Public, ); }; };
		BC4E03EF1CFE3734007506F7 /* MFFastTrigo.h in Headers */ = {isa = PBXBuildFile; fileRef = BC47CB971C945056005490DE /* MFFastTrigo.h */; settings = {ATTRIBUTES = (Public, ); }; };
		BC4E03F01CFE3734007506F7 /* MFMathUtilities.h in Headers */ = {isa = PBXBuildFile; fileRef = BC47CB991C945056005490DE /* MFMathUtilities.h */; settings = {ATTRIBUTES = (Public, ); }; };
		BC4E03F91CFE37C3007506F7 /* MFExtras.h in Headers */ = {isa = PBXBuildFile; fileRef = BC47CB761C945056005490DE /* MFExtras.h */; settings = {ATTRIBUTES = (Public, ); }; };
/* End PBXBuildFile section */

/* Begin PBXContainerItemProxy section */
		BC47CC931C948B30005490DE /* PBXContainerItemProxy */ = {
			isa = PBXContainerItemProxy;
			containerPortal = BC47CB5D1C944E6D005490DE /* Project object */;
			proxyType = 1;
			remoteGlobalIDString = BC47CB641C944E6E005490DE;
			remoteInfo = MFFoundation;
		};
/* End PBXContainerItemProxy section */

/* Begin PBXCopyFilesBuildPhase section */
		BC47CB631C944E6E005490DE /* CopyFiles */ = {
			isa = PBXCopyFilesBuildPhase;
			buildActionMask = 2147483647;
			dstPath = "include/$(PRODUCT_NAME)";
			dstSubfolderSpec = 16;
			files = (
				BC47CBEE1C945E5B005490DE /* MFTypes.h in CopyFiles */,
				BC47CB691C944E6F005490DE /* MFFoundation.h in CopyFiles */,
			);
			runOnlyForDeploymentPostprocessing = 0;
		};
/* End PBXCopyFilesBuildPhase section */

/* Begin PBXFileReference section */
		BC068AD91C9E9D8800940720 /* MFCGCombinedColor.c */ = {isa = PBXFileReference; fileEncoding = 4; lastKnownFileType = sourcecode.c.c; path = MFCGCombinedColor.c; sourceTree = "<group>"; };
		BC068ADA1C9E9D8800940720 /* MFCGCombinedColor.h */ = {isa = PBXFileReference; fileEncoding = 4; lastKnownFileType = sourcecode.c.h; path = MFCGCombinedColor.h; sourceTree = "<group>"; };
		BC201F011C9D713A001DE14C /* readme-appledoc.md */ = {isa = PBXFileReference; lastKnownFileType = net.daringfireball.markdown; path = "readme-appledoc.md"; sourceTree = "<group>"; };
		BC201F021C9D89A4001DE14C /* headerdoc-make.sh */ = {isa = PBXFileReference; lastKnownFileType = text.script.sh; path = "headerdoc-make.sh"; sourceTree = "<group>"; };
		BC47CB651C944E6E005490DE /* libMFFoundation.a */ = {isa = PBXFileReference; explicitFileType = archive.ar; includeInIndex = 0; path = libMFFoundation.a; sourceTree = BUILT_PRODUCTS_DIR; };
		BC47CB681C944E6F005490DE /* MFFoundation.h */ = {isa = PBXFileReference; lastKnownFileType = sourcecode.c.h; path = MFFoundation.h; sourceTree = "<group>"; };
		BC47CB6A1C944E6F005490DE /* MFFoundation.m */ = {isa = PBXFileReference; lastKnownFileType = sourcecode.c.objc; path = MFFoundation.m; sourceTree = "<group>"; };
		BC47CB761C945056005490DE /* MFExtras.h */ = {isa = PBXFileReference; fileEncoding = 4; lastKnownFileType = sourcecode.c.h; path = MFExtras.h; sourceTree = "<group>"; };
		BC47CB771C945056005490DE /* NSArray+MFExtras.h */ = {isa = PBXFileReference; fileEncoding = 4; lastKnownFileType = sourcecode.c.h; path = "NSArray+MFExtras.h"; sourceTree = "<group>"; };
		BC47CB781C945056005490DE /* NSArray+MFExtras.m */ = {isa = PBXFileReference; fileEncoding = 4; lastKnownFileType = sourcecode.c.objc; path = "NSArray+MFExtras.m"; sourceTree = "<group>"; };
		BC47CB791C945056005490DE /* NSData+MFExtras.h */ = {isa = PBXFileReference; fileEncoding = 4; lastKnownFileType = sourcecode.c.h; path = "NSData+MFExtras.h"; sourceTree = "<group>"; };
		BC47CB7A1C945056005490DE /* NSData+MFExtras.m */ = {isa = PBXFileReference; fileEncoding = 4; lastKnownFileType = sourcecode.c.objc; path = "NSData+MFExtras.m"; sourceTree = "<group>"; };
		BC47CB7B1C945056005490DE /* NSDate+MFExtras.h */ = {isa = PBXFileReference; fileEncoding = 4; lastKnownFileType = sourcecode.c.h; path = "NSDate+MFExtras.h"; sourceTree = "<group>"; };
		BC47CB7C1C945056005490DE /* NSDate+MFExtras.m */ = {isa = PBXFileReference; fileEncoding = 4; lastKnownFileType = sourcecode.c.objc; path = "NSDate+MFExtras.m"; sourceTree = "<group>"; };
		BC47CB7D1C945056005490DE /* NSDictionary+MFExtras.h */ = {isa = PBXFileReference; fileEncoding = 4; lastKnownFileType = sourcecode.c.h; path = "NSDictionary+MFExtras.h"; sourceTree = "<group>"; };
		BC47CB7E1C945056005490DE /* NSDictionary+MFExtras.m */ = {isa = PBXFileReference; fileEncoding = 4; lastKnownFileType = sourcecode.c.objc; path = "NSDictionary+MFExtras.m"; sourceTree = "<group>"; };
		BC47CB7F1C945056005490DE /* NSFileManager+MFExtras.h */ = {isa = PBXFileReference; fileEncoding = 4; lastKnownFileType = sourcecode.c.h; path = "NSFileManager+MFExtras.h"; sourceTree = "<group>"; };
		BC47CB801C945056005490DE /* NSFileManager+MFExtras.m */ = {isa = PBXFileReference; fileEncoding = 4; lastKnownFileType = sourcecode.c.objc; path = "NSFileManager+MFExtras.m"; sourceTree = "<group>"; };
		BC47CB811C945056005490DE /* NSString+MFExtras.h */ = {isa = PBXFileReference; fileEncoding = 4; lastKnownFileType = sourcecode.c.h; path = "NSString+MFExtras.h"; sourceTree = "<group>"; };
		BC47CB821C945056005490DE /* NSString+MFExtras.m */ = {isa = PBXFileReference; fileEncoding = 4; lastKnownFileType = sourcecode.c.objc; path = "NSString+MFExtras.m"; sourceTree = "<group>"; };
		BC47CB841C945056005490DE /* MFChronoTimeFormatter.h */ = {isa = PBXFileReference; fileEncoding = 4; lastKnownFileType = sourcecode.c.h; path = MFChronoTimeFormatter.h; sourceTree = "<group>"; };
		BC47CB851C945056005490DE /* MFChronoTimeFormatter.m */ = {isa = PBXFileReference; fileEncoding = 4; lastKnownFileType = sourcecode.c.objc; path = MFChronoTimeFormatter.m; sourceTree = "<group>"; };
		BC47CB861C945056005490DE /* MFDateUtils.h */ = {isa = PBXFileReference; fileEncoding = 4; lastKnownFileType = sourcecode.c.h; path = MFDateUtils.h; sourceTree = "<group>"; };
		BC47CB871C945056005490DE /* MFDateUtils.m */ = {isa = PBXFileReference; fileEncoding = 4; lastKnownFileType = sourcecode.c.objc; path = MFDateUtils.m; sourceTree = "<group>"; };
		BC47CB881C945056005490DE /* MFFormatters.h */ = {isa = PBXFileReference; fileEncoding = 4; lastKnownFileType = sourcecode.c.h; path = MFFormatters.h; sourceTree = "<group>"; };
		BC47CB891C945056005490DE /* MFFormatters.m */ = {isa = PBXFileReference; fileEncoding = 4; lastKnownFileType = sourcecode.c.objc; path = MFFormatters.m; sourceTree = "<group>"; };
		BC47CB8A1C945056005490DE /* MFLatLongFormatter.h */ = {isa = PBXFileReference; fileEncoding = 4; lastKnownFileType = sourcecode.c.h; path = MFLatLongFormatter.h; sourceTree = "<group>"; };
		BC47CB8B1C945056005490DE /* MFLatLongFormatter.m */ = {isa = PBXFileReference; fileEncoding = 4; lastKnownFileType = sourcecode.c.objc; path = MFLatLongFormatter.m; sourceTree = "<group>"; };
		BC47CB8F1C945056005490DE /* MFDateRange.h */ = {isa = PBXFileReference; fileEncoding = 4; lastKnownFileType = sourcecode.c.h; path = MFDateRange.h; sourceTree = "<group>"; };
		BC47CB901C945056005490DE /* MFDateRange.m */ = {isa = PBXFileReference; fileEncoding = 4; lastKnownFileType = sourcecode.c.objc; path = MFDateRange.m; sourceTree = "<group>"; };
		BC47CB911C945056005490DE /* MFPeriod.h */ = {isa = PBXFileReference; fileEncoding = 4; lastKnownFileType = sourcecode.c.h; path = MFPeriod.h; sourceTree = "<group>"; };
		BC47CB921C945056005490DE /* MFPeriod.m */ = {isa = PBXFileReference; fileEncoding = 4; lastKnownFileType = sourcecode.c.objc; path = MFPeriod.m; sourceTree = "<group>"; };
		BC47CB961C945056005490DE /* MFFastTrigo.c */ = {isa = PBXFileReference; fileEncoding = 4; lastKnownFileType = sourcecode.c.c; path = MFFastTrigo.c; sourceTree = "<group>"; };
		BC47CB971C945056005490DE /* MFFastTrigo.h */ = {isa = PBXFileReference; fileEncoding = 4; lastKnownFileType = sourcecode.c.h; path = MFFastTrigo.h; sourceTree = "<group>"; };
		BC47CB981C945056005490DE /* MFMathUtilities.c */ = {isa = PBXFileReference; fileEncoding = 4; lastKnownFileType = sourcecode.c.c; path = MFMathUtilities.c; sourceTree = "<group>"; };
		BC47CB991C945056005490DE /* MFMathUtilities.h */ = {isa = PBXFileReference; fileEncoding = 4; lastKnownFileType = sourcecode.c.h; path = MFMathUtilities.h; sourceTree = "<group>"; };
		BC47CBB01C9451AA005490DE /* MFSystem.h */ = {isa = PBXFileReference; fileEncoding = 4; lastKnownFileType = sourcecode.c.h; path = MFSystem.h; sourceTree = "<group>"; };
		BC47CBB11C9451AA005490DE /* MFSystem.m */ = {isa = PBXFileReference; fileEncoding = 4; lastKnownFileType = sourcecode.c.objc; path = MFSystem.m; sourceTree = "<group>"; };
		BC47CBED1C945D9C005490DE /* MFTypes.h */ = {isa = PBXFileReference; lastKnownFileType = sourcecode.c.h; path = MFTypes.h; sourceTree = "<group>"; };
		BC47CC8D1C948B2F005490DE /* MFFoundation Tests.xctest */ = {isa = PBXFileReference; explicitFileType = wrapper.cfbundle; includeInIndex = 0; path = "MFFoundation Tests.xctest"; sourceTree = BUILT_PRODUCTS_DIR; };
		BC47CC8F1C948B30005490DE /* MFFoundation_Tests.m */ = {isa = PBXFileReference; lastKnownFileType = sourcecode.c.objc; path = MFFoundation_Tests.m; sourceTree = "<group>"; };
		BC47CC911C948B30005490DE /* Info.plist */ = {isa = PBXFileReference; lastKnownFileType = text.plist.xml; path = Info.plist; sourceTree = "<group>"; };
		BC8E11EB1C96D2290044F3B4 /* appledoc.sh */ = {isa = PBXFileReference; lastKnownFileType = text.script.sh; path = appledoc.sh; sourceTree = "<group>"; };
		BC8E11EC1C96D2290044F3B4 /* CONTRIBUTE.md */ = {isa = PBXFileReference; lastKnownFileType = net.daringfireball.markdown; path = CONTRIBUTE.md; sourceTree = "<group>"; };
		BCF768C41C95F6E600DED52C /* readme.md */ = {isa = PBXFileReference; lastKnownFileType = net.daringfireball.markdown; path = readme.md; sourceTree = "<group>"; };
		BCF768C51C961CC800DED52C /* LICENSE */ = {isa = PBXFileReference; lastKnownFileType = text; path = LICENSE; sourceTree = "<group>"; };
		BCF768C61C961CC800DED52C /* MFFoundation.podspec */ = {isa = PBXFileReference; lastKnownFileType = text; path = MFFoundation.podspec; sourceTree = "<group>"; };
/* End PBXFileReference section */

/* Begin PBXFrameworksBuildPhase section */
		BC47CB621C944E6E005490DE /* Frameworks */ = {
			isa = PBXFrameworksBuildPhase;
			buildActionMask = 2147483647;
			files = (
			);
			runOnlyForDeploymentPostprocessing = 0;
		};
		BC47CC8A1C948B2F005490DE /* Frameworks */ = {
			isa = PBXFrameworksBuildPhase;
			buildActionMask = 2147483647;
			files = (
				BC47CC921C948B30005490DE /* libMFFoundation.a in Frameworks */,
			);
			runOnlyForDeploymentPostprocessing = 0;
		};
/* End PBXFrameworksBuildPhase section */

/* Begin PBXGroup section */
		BC068AD81C9E9D8800940720 /* Graphics */ = {
			isa = PBXGroup;
			children = (
				BC068AD91C9E9D8800940720 /* MFCGCombinedColor.c */,
				BC068ADA1C9E9D8800940720 /* MFCGCombinedColor.h */,
			);
			path = Graphics;
			sourceTree = "<group>";
		};
		BC47CB5C1C944E6D005490DE = {
			isa = PBXGroup;
			children = (
				BCF768C51C961CC800DED52C /* LICENSE */,
				BCF768C61C961CC800DED52C /* MFFoundation.podspec */,
				BCF768C41C95F6E600DED52C /* readme.md */,
				BC201F011C9D713A001DE14C /* readme-appledoc.md */,
				BC201F021C9D89A4001DE14C /* headerdoc-make.sh */,
				BC8E11EC1C96D2290044F3B4 /* CONTRIBUTE.md */,
				BC8E11EB1C96D2290044F3B4 /* appledoc.sh */,
				BC47CB671C944E6E005490DE /* MFFoundation */,
				BC47CC8E1C948B30005490DE /* MFFoundation Tests */,
				BC47CB661C944E6E005490DE /* Products */,
			);
			sourceTree = "<group>";
		};
		BC47CB661C944E6E005490DE /* Products */ = {
			isa = PBXGroup;
			children = (
				BC47CB651C944E6E005490DE /* libMFFoundation.a */,
				BC47CC8D1C948B2F005490DE /* MFFoundation Tests.xctest */,
			);
			name = Products;
			sourceTree = "<group>";
		};
		BC47CB671C944E6E005490DE /* MFFoundation */ = {
			isa = PBXGroup;
			children = (
				BC47CB681C944E6F005490DE /* MFFoundation.h */,
				BC47CB6A1C944E6F005490DE /* MFFoundation.m */,
				BC47CB711C945056005490DE /* Extras */,
				BC47CB831C945056005490DE /* Date and Formatters */,
				BC068AD81C9E9D8800940720 /* Graphics */,
				BC47CB8C1C945056005490DE /* Types */,
				BC47CB951C945056005490DE /* Maths */,
				BC47CBAF1C945179005490DE /* System */,
			);
			path = MFFoundation;
			sourceTree = "<group>";
		};
		BC47CB711C945056005490DE /* Extras */ = {
			isa = PBXGroup;
			children = (
				BC47CB761C945056005490DE /* MFExtras.h */,
				BC47CB771C945056005490DE /* NSArray+MFExtras.h */,
				BC47CB781C945056005490DE /* NSArray+MFExtras.m */,
				BC47CB791C945056005490DE /* NSData+MFExtras.h */,
				BC47CB7A1C945056005490DE /* NSData+MFExtras.m */,
				BC47CB7B1C945056005490DE /* NSDate+MFExtras.h */,
				BC47CB7C1C945056005490DE /* NSDate+MFExtras.m */,
				BC47CB7D1C945056005490DE /* NSDictionary+MFExtras.h */,
				BC47CB7E1C945056005490DE /* NSDictionary+MFExtras.m */,
				BC47CB7F1C945056005490DE /* NSFileManager+MFExtras.h */,
				BC47CB801C945056005490DE /* NSFileManager+MFExtras.m */,
				BC47CB811C945056005490DE /* NSString+MFExtras.h */,
				BC47CB821C945056005490DE /* NSString+MFExtras.m */,
			);
			path = Extras;
			sourceTree = "<group>";
		};
		BC47CB831C945056005490DE /* Date and Formatters */ = {
			isa = PBXGroup;
			children = (
				BC47CB841C945056005490DE /* MFChronoTimeFormatter.h */,
				BC47CB851C945056005490DE /* MFChronoTimeFormatter.m */,
				BC47CB861C945056005490DE /* MFDateUtils.h */,
				BC47CB871C945056005490DE /* MFDateUtils.m */,
				BC47CB881C945056005490DE /* MFFormatters.h */,
				BC47CB891C945056005490DE /* MFFormatters.m */,
				BC47CB8A1C945056005490DE /* MFLatLongFormatter.h */,
				BC47CB8B1C945056005490DE /* MFLatLongFormatter.m */,
			);
			path = "Date and Formatters";
			sourceTree = "<group>";
		};
		BC47CB8C1C945056005490DE /* Types */ = {
			isa = PBXGroup;
			children = (
				BC47CBED1C945D9C005490DE /* MFTypes.h */,
				BC47CB8F1C945056005490DE /* MFDateRange.h */,
				BC47CB901C945056005490DE /* MFDateRange.m */,
				BC47CB911C945056005490DE /* MFPeriod.h */,
				BC47CB921C945056005490DE /* MFPeriod.m */,
			);
			path = Types;
			sourceTree = "<group>";
		};
		BC47CB951C945056005490DE /* Maths */ = {
			isa = PBXGroup;
			children = (
				BC47CB961C945056005490DE /* MFFastTrigo.c */,
				BC47CB971C945056005490DE /* MFFastTrigo.h */,
				BC47CB981C945056005490DE /* MFMathUtilities.c */,
				BC47CB991C945056005490DE /* MFMathUtilities.h */,
			);
			path = Maths;
			sourceTree = "<group>";
		};
		BC47CBAF1C945179005490DE /* System */ = {
			isa = PBXGroup;
			children = (
				BC47CBB01C9451AA005490DE /* MFSystem.h */,
				BC47CBB11C9451AA005490DE /* MFSystem.m */,
			);
			path = System;
			sourceTree = "<group>";
		};
		BC47CC8E1C948B30005490DE /* MFFoundation Tests */ = {
			isa = PBXGroup;
			children = (
				BC47CC8F1C948B30005490DE /* MFFoundation_Tests.m */,
				BC47CC911C948B30005490DE /* Info.plist */,
			);
			path = "MFFoundation Tests";
			sourceTree = "<group>";
		};
/* End PBXGroup section */

/* Begin PBXHeadersBuildPhase section */
		BC47CC6F1C948440005490DE /* Headers */ = {
			isa = PBXHeadersBuildPhase;
			buildActionMask = 2147483647;
			files = (
				BC4E03E91CFE3734007506F7 /* MFChronoTimeFormatter.h in Headers */,
				BC4E03EE1CFE3734007506F7 /* MFPeriod.h in Headers */,
				BC4E03ED1CFE3734007506F7 /* MFDateRange.h in Headers */,
				BC47CC701C948445005490DE /* MFFoundation.h in Headers */,
				BC47CC771C948458005490DE /* NSString+MFExtras.h in Headers */,
				BC47CC721C948458005490DE /* NSArray+MFExtras.h in Headers */,
				BC4E03F01CFE3734007506F7 /* MFMathUtilities.h in Headers */,
				BC47CC731C948458005490DE /* NSData+MFExtras.h in Headers */,
				BC47CC741C948458005490DE /* NSDate+MFExtras.h in Headers */,
				BC4E03EC1CFE3734007506F7 /* MFLatLongFormatter.h in Headers */,
				BC4E03F91CFE37C3007506F7 /* MFExtras.h in Headers */,
				BC4E03EA1CFE3734007506F7 /* MFDateUtils.h in Headers */,
				BC4E03EB1CFE3734007506F7 /* MFFormatters.h in Headers */,
				BC068ADD1C9E9D8800940720 /* MFCGCombinedColor.h in Headers */,
				BC4E03EF1CFE3734007506F7 /* MFFastTrigo.h in Headers */,
				BC47CC751C948458005490DE /* NSDictionary+MFExtras.h in Headers */,
				BC47CC761C948458005490DE /* NSFileManager+MFExtras.h in Headers */,
				BC47CC991C95801C005490DE /* MFSystem.h in Headers */,
				BC349CAC1CCBA12A00BFF28D /* MFTypes.h in Headers */,
			);
			runOnlyForDeploymentPostprocessing = 0;
		};
/* End PBXHeadersBuildPhase section */

/* Begin PBXLegacyTarget section */
		BC201ED91C9D6305001DE14C /* MFFoundationDoc */ = {
			isa = PBXLegacyTarget;
			buildArgumentsString = "$(ACTION)";
			buildConfigurationList = BC201EDC1C9D6305001DE14C /* Build configuration list for PBXLegacyTarget "MFFoundationDoc" */;
			buildPhases = (
			);
			buildToolPath = "./headerdoc-make.sh";
			buildWorkingDirectory = "";
			dependencies = (
			);
			name = MFFoundationDoc;
			passBuildSettingsInEnvironment = 1;
			productName = MFFoundationDoc;
		};
/* End PBXLegacyTarget section */

/* Begin PBXNativeTarget section */
		BC47CB641C944E6E005490DE /* MFFoundation */ = {
			isa = PBXNativeTarget;
			buildConfigurationList = BC47CB6E1C944E6F005490DE /* Build configuration list for PBXNativeTarget "MFFoundation" */;
			buildPhases = (
				BC47CB611C944E6E005490DE /* Sources */,
				BC47CB621C944E6E005490DE /* Frameworks */,
				BC47CB631C944E6E005490DE /* CopyFiles */,
				BC47CC6F1C948440005490DE /* Headers */,
			);
			buildRules = (
			);
			dependencies = (
			);
			name = MFFoundation;
			productName = MFFoundation;
			productReference = BC47CB651C944E6E005490DE /* libMFFoundation.a */;
			productType = "com.apple.product-type.library.static";
		};
		BC47CC8C1C948B2F005490DE /* MFFoundation Tests */ = {
			isa = PBXNativeTarget;
			buildConfigurationList = BC47CC951C948B30005490DE /* Build configuration list for PBXNativeTarget "MFFoundation Tests" */;
			buildPhases = (
				BC47CC891C948B2F005490DE /* Sources */,
				BC47CC8A1C948B2F005490DE /* Frameworks */,
				BC47CC8B1C948B2F005490DE /* Resources */,
			);
			buildRules = (
			);
			dependencies = (
				BC47CC941C948B30005490DE /* PBXTargetDependency */,
			);
			name = "MFFoundation Tests";
			productName = "MFFoundation Tests";
			productReference = BC47CC8D1C948B2F005490DE /* MFFoundation Tests.xctest */;
			productType = "com.apple.product-type.bundle.unit-test";
		};
/* End PBXNativeTarget section */

/* Begin PBXProject section */
		BC47CB5D1C944E6D005490DE /* Project object */ = {
			isa = PBXProject;
			attributes = {
				LastUpgradeCheck = 0730;
				ORGANIZATIONNAME = MooseFactory;
				TargetAttributes = {
					BC201ED91C9D6305001DE14C = {
						CreatedOnToolsVersion = 7.2.1;
					};
					BC47CB641C944E6E005490DE = {
						CreatedOnToolsVersion = 7.2.1;
					};
					BC47CC8C1C948B2F005490DE = {
						CreatedOnToolsVersion = 7.2.1;
					};
				};
			};
			buildConfigurationList = BC47CB601C944E6D005490DE /* Build configuration list for PBXProject "MFFoundation" */;
			compatibilityVersion = "Xcode 3.2";
			developmentRegion = English;
			hasScannedForEncodings = 0;
			knownRegions = (
				en,
			);
			mainGroup = BC47CB5C1C944E6D005490DE;
			productRefGroup = BC47CB661C944E6E005490DE /* Products */;
			projectDirPath = "";
			projectRoot = "";
			targets = (
				BC47CB641C944E6E005490DE /* MFFoundation */,
				BC47CC8C1C948B2F005490DE /* MFFoundation Tests */,
				BC201ED91C9D6305001DE14C /* MFFoundationDoc */,
			);
		};
/* End PBXProject section */

/* Begin PBXResourcesBuildPhase section */
		BC47CC8B1C948B2F005490DE /* Resources */ = {
			isa = PBXResourcesBuildPhase;
			buildActionMask = 2147483647;
			files = (
			);
			runOnlyForDeploymentPostprocessing = 0;
		};
/* End PBXResourcesBuildPhase section */

/* Begin PBXSourcesBuildPhase section */
		BC47CB611C944E6E005490DE /* Sources */ = {
			isa = PBXSourcesBuildPhase;
			buildActionMask = 2147483647;
			files = (
				BC47CBA61C945056005490DE /* MFDateUtils.m in Sources */,
				BC47CBA11C945056005490DE /* NSDate+MFExtras.m in Sources */,
				BC47CBA81C945056005490DE /* MFLatLongFormatter.m in Sources */,
				BC47CBA51C945056005490DE /* MFChronoTimeFormatter.m in Sources */,
				BC47CBAD1C945056005490DE /* MFMathUtilities.c in Sources */,
				BC47CBAA1C945056005490DE /* MFDateRange.m in Sources */,
				BC47CBA21C945056005490DE /* NSDictionary+MFExtras.m in Sources */,
				BC47CBA31C945056005490DE /* NSFileManager+MFExtras.m in Sources */,
				BC47CB9F1C945056005490DE /* NSArray+MFExtras.m in Sources */,
				BC47CBAB1C945056005490DE /* MFPeriod.m in Sources */,
				BC47CBB21C9451AA005490DE /* MFSystem.m in Sources */,
				BC47CBA01C945056005490DE /* NSData+MFExtras.m in Sources */,
				BC47CBAC1C945056005490DE /* MFFastTrigo.c in Sources */,
				BC47CB6B1C944E6F005490DE /* MFFoundation.m in Sources */,
				BC47CBA41C945056005490DE /* NSString+MFExtras.m in Sources */,
				BC47CBA71C945056005490DE /* MFFormatters.m in Sources */,
				BC068ADB1C9E9D8800940720 /* MFCGCombinedColor.c in Sources */,
			);
			runOnlyForDeploymentPostprocessing = 0;
		};
		BC47CC891C948B2F005490DE /* Sources */ = {
			isa = PBXSourcesBuildPhase;
			buildActionMask = 2147483647;
			files = (
				BC47CC901C948B30005490DE /* MFFoundation_Tests.m in Sources */,
				BC068ADC1C9E9D8800940720 /* MFCGCombinedColor.c in Sources */,
			);
			runOnlyForDeploymentPostprocessing = 0;
		};
/* End PBXSourcesBuildPhase section */

/* Begin PBXTargetDependency section */
		BC47CC941C948B30005490DE /* PBXTargetDependency */ = {
			isa = PBXTargetDependency;
			target = BC47CB641C944E6E005490DE /* MFFoundation */;
			targetProxy = BC47CC931C948B30005490DE /* PBXContainerItemProxy */;
		};
/* End PBXTargetDependency section */

/* Begin XCBuildConfiguration section */
		BC201EDA1C9D6305001DE14C /* Debug */ = {
			isa = XCBuildConfiguration;
			buildSettings = {
				DEBUGGING_SYMBOLS = YES;
				DEBUG_INFORMATION_FORMAT = dwarf;
				GCC_GENERATE_DEBUGGING_SYMBOLS = YES;
				GCC_OPTIMIZATION_LEVEL = 0;
				GCC_PREPROCESSOR_DEFINITIONS = (
					"DEBUG=1",
					"$(inherited)",
				);
				OTHER_CFLAGS = "";
				OTHER_LDFLAGS = "";
				PRODUCT_NAME = "$(TARGET_NAME)";
			};
			name = Debug;
		};
		BC201EDB1C9D6305001DE14C /* Release */ = {
			isa = XCBuildConfiguration;
			buildSettings = {
				DEBUG_INFORMATION_FORMAT = "dwarf-with-dsym";
				OTHER_CFLAGS = "";
				OTHER_LDFLAGS = "";
				PRODUCT_NAME = "$(TARGET_NAME)";
			};
			name = Release;
		};
		BC47CB6C1C944E6F005490DE /* Debug */ = {
			isa = XCBuildConfiguration;
			buildSettings = {
				ALWAYS_SEARCH_USER_PATHS = NO;
				CLANG_CXX_LANGUAGE_STANDARD = "gnu++0x";
				CLANG_CXX_LIBRARY = "libc++";
				CLANG_ENABLE_MODULES = YES;
				CLANG_ENABLE_OBJC_ARC = YES;
				CLANG_WARN_BOOL_CONVERSION = YES;
				CLANG_WARN_CONSTANT_CONVERSION = YES;
				CLANG_WARN_DIRECT_OBJC_ISA_USAGE = YES_ERROR;
				CLANG_WARN_EMPTY_BODY = YES;
				CLANG_WARN_ENUM_CONVERSION = YES;
				CLANG_WARN_INT_CONVERSION = YES;
				CLANG_WARN_OBJC_ROOT_CLASS = YES_ERROR;
				CLANG_WARN_UNREACHABLE_CODE = YES;
				CLANG_WARN__DUPLICATE_METHOD_MATCH = YES;
				"CODE_SIGN_IDENTITY[sdk=iphoneos*]" = "iPhone Developer";
				COPY_PHASE_STRIP = NO;
				DEBUG_INFORMATION_FORMAT = dwarf;
				DEFINES_MODULE = YES;
				DYLIB_CURRENT_VERSION = 1.0.1;
				ENABLE_STRICT_OBJC_MSGSEND = YES;
				ENABLE_TESTABILITY = YES;
				FRAMEWORK_SEARCH_PATHS = "\"$(SRCROOT)/MFFoundation\"/**";
				GCC_C_LANGUAGE_STANDARD = gnu99;
				GCC_DYNAMIC_NO_PIC = NO;
				GCC_NO_COMMON_BLOCKS = YES;
				GCC_OPTIMIZATION_LEVEL = 0;
				GCC_PREPROCESSOR_DEFINITIONS = "DEBUG=1";
				GCC_WARN_64_TO_32_BIT_CONVERSION = YES;
				GCC_WARN_ABOUT_RETURN_TYPE = YES_ERROR;
				GCC_WARN_UNDECLARED_SELECTOR = YES;
				GCC_WARN_UNINITIALIZED_AUTOS = YES_AGGRESSIVE;
				GCC_WARN_UNUSED_FUNCTION = YES;
				GCC_WARN_UNUSED_VARIABLE = YES;
				HEADER_SEARCH_PATHS = "\"$(SRCROOT)/MFFoundation\"/**";
				IPHONEOS_DEPLOYMENT_TARGET = 7.0;
				LIBRARY_SEARCH_PATHS = "\"$(SRCROOT)/MFFoundation\"/**";
				MACOSX_DEPLOYMENT_TARGET = 10.6;
				MTL_ENABLE_DEBUG_INFO = YES;
				ONLY_ACTIVE_ARCH = YES;
				SDKROOT = iphoneos;
			};
			name = Debug;
		};
		BC47CB6D1C944E6F005490DE /* Release */ = {
			isa = XCBuildConfiguration;
			buildSettings = {
				ALWAYS_SEARCH_USER_PATHS = NO;
				CLANG_CXX_LANGUAGE_STANDARD = "gnu++0x";
				CLANG_CXX_LIBRARY = "libc++";
				CLANG_ENABLE_MODULES = YES;
				CLANG_ENABLE_OBJC_ARC = YES;
				CLANG_WARN_BOOL_CONVERSION = YES;
				CLANG_WARN_CONSTANT_CONVERSION = YES;
				CLANG_WARN_DIRECT_OBJC_ISA_USAGE = YES_ERROR;
				CLANG_WARN_EMPTY_BODY = YES;
				CLANG_WARN_ENUM_CONVERSION = YES;
				CLANG_WARN_INT_CONVERSION = YES;
				CLANG_WARN_OBJC_ROOT_CLASS = YES_ERROR;
				CLANG_WARN_UNREACHABLE_CODE = YES;
				CLANG_WARN__DUPLICATE_METHOD_MATCH = YES;
				"CODE_SIGN_IDENTITY[sdk=iphoneos*]" = "iPhone Developer";
				COPY_PHASE_STRIP = NO;
				DEBUG_INFORMATION_FORMAT = "dwarf-with-dsym";
				DEFINES_MODULE = YES;
				DYLIB_CURRENT_VERSION = 1.0.1;
				ENABLE_NS_ASSERTIONS = NO;
				ENABLE_STRICT_OBJC_MSGSEND = YES;
				FRAMEWORK_SEARCH_PATHS = "\"$(SRCROOT)/MFFoundation\"/**";
				GCC_C_LANGUAGE_STANDARD = gnu99;
				GCC_NO_COMMON_BLOCKS = YES;
				GCC_PREPROCESSOR_DEFINITIONS = "";
				GCC_WARN_64_TO_32_BIT_CONVERSION = YES;
				GCC_WARN_ABOUT_RETURN_TYPE = YES_ERROR;
				GCC_WARN_UNDECLARED_SELECTOR = YES;
				GCC_WARN_UNINITIALIZED_AUTOS = YES_AGGRESSIVE;
				GCC_WARN_UNUSED_FUNCTION = YES;
				GCC_WARN_UNUSED_VARIABLE = YES;
				HEADER_SEARCH_PATHS = "\"$(SRCROOT)/MFFoundation\"/**";
				IPHONEOS_DEPLOYMENT_TARGET = 7.0;
				LIBRARY_SEARCH_PATHS = "\"$(SRCROOT)/MFFoundation\"/**";
				MACOSX_DEPLOYMENT_TARGET = 10.6;
				MTL_ENABLE_DEBUG_INFO = NO;
				SDKROOT = iphoneos;
				VALIDATE_PRODUCT = YES;
			};
			name = Release;
		};
		BC47CB6F1C944E6F005490DE /* Debug */ = {
			isa = XCBuildConfiguration;
			buildSettings = {
				DEAD_CODE_STRIPPING = NO;
				DYLIB_CURRENT_VERSION = 1.0.2;
				IPHONEOS_DEPLOYMENT_TARGET = 7.0;
				OTHER_LDFLAGS = "-ObjC";
				PRODUCT_NAME = MFFoundation;
				SKIP_INSTALL = YES;
				STRIP_INSTALLED_PRODUCT = NO;
			};
			name = Debug;
		};
		BC47CB701C944E6F005490DE /* Release */ = {
			isa = XCBuildConfiguration;
			buildSettings = {
				DEAD_CODE_STRIPPING = NO;
				DYLIB_CURRENT_VERSION = 1.0.2;
				IPHONEOS_DEPLOYMENT_TARGET = 7.0;
				OTHER_LDFLAGS = "-ObjC";
				PRODUCT_NAME = MFFoundation;
				SKIP_INSTALL = YES;
				STRIP_INSTALLED_PRODUCT = NO;
			};
			name = Release;
		};
		BC47CC961C948B30005490DE /* Debug */ = {
			isa = XCBuildConfiguration;
			buildSettings = {
				GCC_PREPROCESSOR_DEFINITIONS = (
					"DEBUG=1",
					"$(inherited)",
				);
				INFOPLIST_FILE = "MFFoundation Tests/Info.plist";
				IPHONEOS_DEPLOYMENT_TARGET = 7.0;
				LD_RUNPATH_SEARCH_PATHS = "$(inherited) @executable_path/Frameworks @loader_path/Frameworks";
				OTHER_LDFLAGS = "-ObjC";
				PRODUCT_BUNDLE_IDENTIFIER = "com.moosefactory.MFFoundation-Tests";
				PRODUCT_NAME = "$(TARGET_NAME)";
			};
			name = Debug;
		};
		BC47CC971C948B30005490DE /* Release */ = {
			isa = XCBuildConfiguration;
			buildSettings = {
				INFOPLIST_FILE = "MFFoundation Tests/Info.plist";
				IPHONEOS_DEPLOYMENT_TARGET = 7.0;
				LD_RUNPATH_SEARCH_PATHS = "$(inherited) @executable_path/Frameworks @loader_path/Frameworks";
				OTHER_LDFLAGS = "-ObjC";
				PRODUCT_BUNDLE_IDENTIFIER = "com.moosefactory.MFFoundation-Tests";
				PRODUCT_NAME = "$(TARGET_NAME)";
			};
			name = Release;
		};
/* End XCBuildConfiguration section */

/* Begin XCConfigurationList section */
		BC201EDC1C9D6305001DE14C /* Build configuration list for PBXLegacyTarget "MFFoundationDoc" */ = {
			isa = XCConfigurationList;
			buildConfigurations = (
				BC201EDA1C9D6305001DE14C /* Debug */,
				BC201EDB1C9D6305001DE14C /* Release */,
			);
			defaultConfigurationIsVisible = 0;
			defaultConfigurationName = Release;
		};
		BC47CB601C944E6D005490DE /* Build configuration list for PBXProject "MFFoundation" */ = {
			isa = XCConfigurationList;
			buildConfigurations = (
				BC47CB6C1C944E6F005490DE /* Debug */,
				BC47CB6D1C944E6F005490DE /* Release */,
			);
			defaultConfigurationIsVisible = 0;
			defaultConfigurationName = Release;
		};
		BC47CB6E1C944E6F005490DE /* Build configuration list for PBXNativeTarget "MFFoundation" */ = {
			isa = XCConfigurationList;
			buildConfigurations = (
				BC47CB6F1C944E6F005490DE /* Debug */,
				BC47CB701C944E6F005490DE /* Release */,
			);
			defaultConfigurationIsVisible = 0;
			defaultConfigurationName = Release;
		};
		BC47CC951C948B30005490DE /* Build configuration list for PBXNativeTarget "MFFoundation Tests" */ = {
			isa = XCConfigurationList;
			buildConfigurations = (
				BC47CC961C948B30005490DE /* Debug */,
				BC47CC971C948B30005490DE /* Release */,
			);
			defaultConfigurationIsVisible = 0;
			defaultConfigurationName = Release;
		};
/* End XCConfigurationList section */
	};
	rootObject = BC47CB5D1C944E6D005490DE /* Project object */;
}
